
Microsoft Visual Studio Solution File, Format Version 12.00
# Visual Studio Version 16
VisualStudioVersion = 16.0.28803.352
MinimumVisualStudioVersion = 10.0.40219.1
Project("{FAE04EC0-301F-11D3-BF4B-00C04F79EFBC}") = "Module2Week4", "Module2Week4\Module2Week4.csproj", "{F6793FD6-AD4E-4159-8AFB-F197BFF525F5}"
EndProject
Global
	GlobalSection(SolutionConfigurationPlatforms) = preSolution
		Debug|Any CPU = Debug|Any CPU
		Release|Any CPU = Release|Any CPU
	EndGlobalSection
	GlobalSection(ProjectConfigurationPlatforms) = postSolution
		{F6793FD6-AD4E-4159-8AFB-F197BFF525F5}.Debug|Any CPU.ActiveCfg = Debug|Any CPU
		{F6793FD6-AD4E-4159-8AFB-F197BFF525F5}.Debug|Any CPU.Build.0 = Debug|Any CPU
		{F6793FD6-AD4E-4159-8AFB-F197BFF525F5}.Release|Any CPU.ActiveCfg = Release|Any CPU
		{F6793FD6-AD4E-4159-8AFB-F197BFF525F5}.Release|Any CPU.Build.0 = Release|Any CPU
	EndGlobalSection
	GlobalSection(SolutionProperties) = preSolution
		HideSolutionNode = FALSE
	EndGlobalSection
	GlobalSection(ExtensibilityGlobals) = postSolution
		SolutionGuid = {21B46059-35E7-4C35-B8EA-5A8DD93B0D8C}
	EndGlobalSection
EndGlobal
